
Microsoft Visual Studio Solution File, Format Version 12.00
# Visual Studio Version 16
VisualStudioVersion = 16.0.30621.155
MinimumVisualStudioVersion = 10.0.40219.1
Project("{8BC9CEB8-8B4A-11D0-8D11-00A0C91BC942}") = "Auditorne 4  Ubaci me", "Auditorne 4  Ubaci me.vcxproj", "{73EFD9FF-C288-45A9-93A7-588D883F974E}"
EndProject
Global
	GlobalSection(SolutionConfigurationPlatforms) = preSolution
		Debug|x64 = Debug|x64
		Debug|x86 = Debug|x86
		Release|x64 = Release|x64
		Release|x86 = Release|x86
	EndGlobalSection
	GlobalSection(ProjectConfigurationPlatforms) = postSolution
		{73EFD9FF-C288-45A9-93A7-588D883F974E}.Debug|x64.ActiveCfg = Debug|x64
		{73EFD9FF-C288-45A9-93A7-588D883F974E}.Debug|x64.Build.0 = Debug|x64
		{73EFD9FF-C288-45A9-93A7-588D883F974E}.Debug|x86.ActiveCfg = Debug|Win32
		{73EFD9FF-C288-45A9-93A7-588D883F974E}.Debug|x86.Build.0 = Debug|Win32
		{73EFD9FF-C288-45A9-93A7-588D883F974E}.Release|x64.ActiveCfg = Release|x64
		{73EFD9FF-C288-45A9-93A7-588D883F974E}.Release|x64.Build.0 = Release|x64
		{73EFD9FF-C288-45A9-93A7-588D883F974E}.Release|x86.ActiveCfg = Release|Win32
		{73EFD9FF-C288-45A9-93A7-588D883F974E}.Release|x86.Build.0 = Release|Win32
	EndGlobalSection
	GlobalSection(SolutionProperties) = preSolution
		HideSolutionNode = FALSE
	EndGlobalSection
	GlobalSection(ExtensibilityGlobals) = postSolution
		SolutionGuid = {3B558678-D59A-4A8E-8C8A-8AA010D0C8A7}
	EndGlobalSection
EndGlobal
