
Microsoft Visual Studio Solution File, Format Version 12.00
# Visual Studio Version 16
VisualStudioVersion = 16.0.30711.63
MinimumVisualStudioVersion = 10.0.40219.1
Project("{8BC9CEB8-8B4A-11D0-8D11-00A0C91BC942}") = "Lab 5 Priprema za vjezbu  Nesto slicno igri Kaladont", "Lab 5 Priprema za vjezbu  Nesto slicno igri Kaladont.vcxproj", "{A86D1735-354A-4638-97EA-4243EDD2BA99}"
EndProject
Global
	GlobalSection(SolutionConfigurationPlatforms) = preSolution
		Debug|x64 = Debug|x64
		Debug|x86 = Debug|x86
		Release|x64 = Release|x64
		Release|x86 = Release|x86
	EndGlobalSection
	GlobalSection(ProjectConfigurationPlatforms) = postSolution
		{A86D1735-354A-4638-97EA-4243EDD2BA99}.Debug|x64.ActiveCfg = Debug|x64
		{A86D1735-354A-4638-97EA-4243EDD2BA99}.Debug|x64.Build.0 = Debug|x64
		{A86D1735-354A-4638-97EA-4243EDD2BA99}.Debug|x86.ActiveCfg = Debug|Win32
		{A86D1735-354A-4638-97EA-4243EDD2BA99}.Debug|x86.Build.0 = Debug|Win32
		{A86D1735-354A-4638-97EA-4243EDD2BA99}.Release|x64.ActiveCfg = Release|x64
		{A86D1735-354A-4638-97EA-4243EDD2BA99}.Release|x64.Build.0 = Release|x64
		{A86D1735-354A-4638-97EA-4243EDD2BA99}.Release|x86.ActiveCfg = Release|Win32
		{A86D1735-354A-4638-97EA-4243EDD2BA99}.Release|x86.Build.0 = Release|Win32
	EndGlobalSection
	GlobalSection(SolutionProperties) = preSolution
		HideSolutionNode = FALSE
	EndGlobalSection
	GlobalSection(ExtensibilityGlobals) = postSolution
		SolutionGuid = {878179C1-5856-46E2-BD76-9A7607A7A0D8}
	EndGlobalSection
EndGlobal
