
Microsoft Visual Studio Solution File, Format Version 12.00
# Visual Studio Version 16
VisualStudioVersion = 16.0.30711.63
MinimumVisualStudioVersion = 10.0.40219.1
Project("{8BC9CEB8-8B4A-11D0-8D11-00A0C91BC942}") = "Auditorne 5  Ljubav je na selu - polje kukuruza", "Auditorne 5  Ljubav je na selu - polje kukuruza.vcxproj", "{CAA0C14A-1AA5-4D0F-A32A-B83D01085244}"
EndProject
Global
	GlobalSection(SolutionConfigurationPlatforms) = preSolution
		Debug|x64 = Debug|x64
		Debug|x86 = Debug|x86
		Release|x64 = Release|x64
		Release|x86 = Release|x86
	EndGlobalSection
	GlobalSection(ProjectConfigurationPlatforms) = postSolution
		{CAA0C14A-1AA5-4D0F-A32A-B83D01085244}.Debug|x64.ActiveCfg = Debug|x64
		{CAA0C14A-1AA5-4D0F-A32A-B83D01085244}.Debug|x64.Build.0 = Debug|x64
		{CAA0C14A-1AA5-4D0F-A32A-B83D01085244}.Debug|x86.ActiveCfg = Debug|Win32
		{CAA0C14A-1AA5-4D0F-A32A-B83D01085244}.Debug|x86.Build.0 = Debug|Win32
		{CAA0C14A-1AA5-4D0F-A32A-B83D01085244}.Release|x64.ActiveCfg = Release|x64
		{CAA0C14A-1AA5-4D0F-A32A-B83D01085244}.Release|x64.Build.0 = Release|x64
		{CAA0C14A-1AA5-4D0F-A32A-B83D01085244}.Release|x86.ActiveCfg = Release|Win32
		{CAA0C14A-1AA5-4D0F-A32A-B83D01085244}.Release|x86.Build.0 = Release|Win32
	EndGlobalSection
	GlobalSection(SolutionProperties) = preSolution
		HideSolutionNode = FALSE
	EndGlobalSection
	GlobalSection(ExtensibilityGlobals) = postSolution
		SolutionGuid = {EA591A51-6D79-482B-B11F-EF4ABB131F55}
	EndGlobalSection
EndGlobal
